
Microsoft Visual Studio Solution File, Format Version 12.00
# Visual Studio Version 16
VisualStudioVersion = 16.0.30611.23
MinimumVisualStudioVersion = 10.0.40219.1
Project("{FAE04EC0-301F-11D3-BF4B-00C04F79EFBC}") = "VisualStudioApp", "VisualStudioApp\VisualStudioApp.csproj", "{5802A918-3BBE-4DC1-B925-5DE4053AFDEA}"
EndProject
Global
	GlobalSection(SolutionConfigurationPlatforms) = preSolution
		Debug|Any CPU = Debug|Any CPU
		Release|Any CPU = Release|Any CPU
	EndGlobalSection
	GlobalSection(ProjectConfigurationPlatforms) = postSolution
		{5802A918-3BBE-4DC1-B925-5DE4053AFDEA}.Debug|Any CPU.ActiveCfg = Debug|Any CPU
		{5802A918-3BBE-4DC1-B925-5DE4053AFDEA}.Debug|Any CPU.Build.0 = Debug|Any CPU
		{5802A918-3BBE-4DC1-B925-5DE4053AFDEA}.Release|Any CPU.ActiveCfg = Release|Any CPU
		{5802A918-3BBE-4DC1-B925-5DE4053AFDEA}.Release|Any CPU.Build.0 = Release|Any CPU
	EndGlobalSection
	GlobalSection(SolutionProperties) = preSolution
		HideSolutionNode = FALSE
	EndGlobalSection
	GlobalSection(ExtensibilityGlobals) = postSolution
		SolutionGuid = {1798A5AD-5D07-408A-9FA2-E4B48D95D0DD}
	EndGlobalSection
EndGlobal
